// !$*UTF8*$!
{
	archiveVersion = 1;
	classes = {
	};
	objectVersion = 46;
	objects = {

/* Begin PBXBuildFile section */
		02BFA6C6196F4042003130F7 /* main.m in Sources */ = {isa = PBXBuildFile; fileRef = 02BFA6C5196F4042003130F7 /* main.m */; };
		02BFA6C9196F4042003130F7 /* AppDelegate.m in Sources */ = {isa = PBXBuildFile; fileRef = 02BFA6C8196F4042003130F7 /* AppDelegate.m */; };
		02BFA6CC196F4042003130F7 /* ViewController.m in Sources */ = {isa = PBXBuildFile; fileRef = 02BFA6CB196F4042003130F7 /* ViewController.m */; };
		02BFA6CF196F4042003130F7 /* Main.storyboard in Resources */ = {isa = PBXBuildFile; fileRef = 02BFA6CD196F4042003130F7 /* Main.storyboard */; };
		02BFA6D1196F4042003130F7 /* Images.xcassets in Resources */ = {isa = PBXBuildFile; fileRef = 02BFA6D0196F4042003130F7 /* Images.xcassets */; };
		02BFA6DD196F4043003130F7 /* testingStoryboardTests.m in Sources */ = {isa = PBXBuildFile; fileRef = 02BFA6DC196F4043003130F7 /* testingStoryboardTests.m */; };
		02F5AF7B196FEF990041D2E1 /* Gradient-background-1.png in Resources */ = {isa = PBXBuildFile; fileRef = 02F5AF7A196FEF990041D2E1 /* Gradient-background-1.png */; };
		02F5AF7F196FF1340041D2E1 /* Gradient-background-2.png in Resources */ = {isa = PBXBuildFile; fileRef = 02F5AF7C196FF1340041D2E1 /* Gradient-background-2.png */; };
		02F5AF80196FF1340041D2E1 /* Gradient-background-3.png in Resources */ = {isa = PBXBuildFile; fileRef = 02F5AF7D196FF1340041D2E1 /* Gradient-background-3.png */; };
		02F5AF81196FF1340041D2E1 /* Gradient-background-4.png in Resources */ = {isa = PBXBuildFile; fileRef = 02F5AF7E196FF1340041D2E1 /* Gradient-background-4.png */; };
/* End PBXBuildFile section */

/* Begin PBXContainerItemProxy section */
		02BFA6D7196F4043003130F7 /* PBXContainerItemProxy */ = {
			isa = PBXContainerItemProxy;
			containerPortal = 02BFA6B8196F4042003130F7 /* Project object */;
			proxyType = 1;
			remoteGlobalIDString = 02BFA6BF196F4042003130F7;
			remoteInfo = testingStoryboard;
		};
/* End PBXContainerItemProxy section */

/* Begin PBXFileReference section */
		02BFA6C0196F4042003130F7 /* testingStoryboard.app */ = {isa = PBXFileReference; explicitFileType = wrapper.application; includeInIndex = 0; path = testingStoryboard.app; sourceTree = BUILT_PRODUCTS_DIR; };
		02BFA6C4196F4042003130F7 /* Info.plist */ = {isa = PBXFileReference; lastKnownFileType = text.plist.xml; path = Info.plist; sourceTree = "<group>"; };
		02BFA6C5196F4042003130F7 /* main.m */ = {isa = PBXFileReference; lastKnownFileType = sourcecode.c.objc; path = main.m; sourceTree = "<group>"; };
		02BFA6C7196F4042003130F7 /* AppDelegate.h */ = {isa = PBXFileReference; lastKnownFileType = sourcecode.c.h; path = AppDelegate.h; sourceTree = "<group>"; };
		02BFA6C8196F4042003130F7 /* AppDelegate.m */ = {isa = PBXFileReference; lastKnownFileType = sourcecode.c.objc; path = AppDelegate.m; sourceTree = "<group>"; };
		02BFA6CA196F4042003130F7 /* ViewController.h */ = {isa = PBXFileReference; lastKnownFileType = sourcecode.c.h; path = ViewController.h; sourceTree = "<group>"; };
		02BFA6CB196F4042003130F7 /* ViewController.m */ = {isa = PBXFileReference; lastKnownFileType = sourcecode.c.objc; path = ViewController.m; sourceTree = "<group>"; };
		02BFA6CE196F4042003130F7 /* Base */ = {isa = PBXFileReference; lastKnownFileType = file.storyboard; name = Base; path = Base.lproj/Main.storyboard; sourceTree = "<group>"; };
		02BFA6D0196F4042003130F7 /* Images.xcassets */ = {isa = PBXFileReference; lastKnownFileType = folder.assetcatalog; path = Images.xcassets; sourceTree = "<group>"; };
		02BFA6D6196F4043003130F7 /* testingStoryboardTests.xctest */ = {isa = PBXFileReference; explicitFileType = wrapper.cfbundle; includeInIndex = 0; path = testingStoryboardTests.xctest; sourceTree = BUILT_PRODUCTS_DIR; };
		02BFA6DB196F4043003130F7 /* Info.plist */ = {isa = PBXFileReference; lastKnownFileType = text.plist.xml; path = Info.plist; sourceTree = "<group>"; };
		02BFA6DC196F4043003130F7 /* testingStoryboardTests.m */ = {isa = PBXFileReference; lastKnownFileType = sourcecode.c.objc; path = testingStoryboardTests.m; sourceTree = "<group>"; };
		02F5AF7A196FEF990041D2E1 /* Gradient-background-1.png */ = {isa = PBXFileReference; lastKnownFileType = image.png; path = "Gradient-background-1.png"; sourceTree = "<group>"; };
		02F5AF7C196FF1340041D2E1 /* Gradient-background-2.png */ = {isa = PBXFileReference; lastKnownFileType = image.png; path = "Gradient-background-2.png"; sourceTree = "<group>"; };
		02F5AF7D196FF1340041D2E1 /* Gradient-background-3.png */ = {isa = PBXFileReference; lastKnownFileType = image.png; path = "Gradient-background-3.png"; sourceTree = "<group>"; };
		02F5AF7E196FF1340041D2E1 /* Gradient-background-4.png */ = {isa = PBXFileReference; lastKnownFileType = image.png; path = "Gradient-background-4.png"; sourceTree = "<group>"; };
/* End PBXFileReference section */

/* Begin PBXFrameworksBuildPhase section */
		02BFA6BD196F4042003130F7 /* Frameworks */ = {
			isa = PBXFrameworksBuildPhase;
			buildActionMask = 2147483647;
			files = (
			);
			runOnlyForDeploymentPostprocessing = 0;
		};
		02BFA6D3196F4043003130F7 /* Frameworks */ = {
			isa = PBXFrameworksBuildPhase;
			buildActionMask = 2147483647;
			files = (
			);
			runOnlyForDeploymentPostprocessing = 0;
		};
/* End PBXFrameworksBuildPhase section */

/* Begin PBXGroup section */
		02BFA6B7196F4042003130F7 = {
			isa = PBXGroup;
			children = (
				02BFA6C2196F4042003130F7 /* testingStoryboard */,
				02BFA6D9196F4043003130F7 /* testingStoryboardTests */,
				02BFA6C1196F4042003130F7 /* Products */,
			);
			sourceTree = "<group>";
		};
		02BFA6C1196F4042003130F7 /* Products */ = {
			isa = PBXGroup;
			children = (
				02BFA6C0196F4042003130F7 /* testingStoryboard.app */,
				02BFA6D6196F4043003130F7 /* testingStoryboardTests.xctest */,
			);
			name = Products;
			sourceTree = "<group>";
		};
		02BFA6C2196F4042003130F7 /* testingStoryboard */ = {
			isa = PBXGroup;
			children = (
				02BFA6C7196F4042003130F7 /* AppDelegate.h */,
				02BFA6C8196F4042003130F7 /* AppDelegate.m */,
				02BFA6CA196F4042003130F7 /* ViewController.h */,
				02BFA6CB196F4042003130F7 /* ViewController.m */,
				02BFA6CD196F4042003130F7 /* Main.storyboard */,
				02BFA6D0196F4042003130F7 /* Images.xcassets */,
				02BFA6C3196F4042003130F7 /* Supporting Files */,
			);
			path = testingStoryboard;
			sourceTree = "<group>";
		};
		02BFA6C3196F4042003130F7 /* Supporting Files */ = {
			isa = PBXGroup;
			children = (
				02F5AF79196FEF890041D2E1 /* Gradients */,
				02BFA6C4196F4042003130F7 /* Info.plist */,
				02BFA6C5196F4042003130F7 /* main.m */,
			);
			name = "Supporting Files";
			sourceTree = "<group>";
		};
		02BFA6D9196F4043003130F7 /* testingStoryboardTests */ = {
			isa = PBXGroup;
			children = (
				02BFA6DC196F4043003130F7 /* testingStoryboardTests.m */,
				02BFA6DA196F4043003130F7 /* Supporting Files */,
			);
			path = testingStoryboardTests;
			sourceTree = "<group>";
		};
		02BFA6DA196F4043003130F7 /* Supporting Files */ = {
			isa = PBXGroup;
			children = (
				02BFA6DB196F4043003130F7 /* Info.plist */,
			);
			name = "Supporting Files";
			sourceTree = "<group>";
		};
		02F5AF79196FEF890041D2E1 /* Gradients */ = {
			isa = PBXGroup;
			children = (
				02F5AF7C196FF1340041D2E1 /* Gradient-background-2.png */,
				02F5AF7D196FF1340041D2E1 /* Gradient-background-3.png */,
				02F5AF7E196FF1340041D2E1 /* Gradient-background-4.png */,
				02F5AF7A196FEF990041D2E1 /* Gradient-background-1.png */,
			);
			name = Gradients;
			sourceTree = "<group>";
		};
/* End PBXGroup section */

/* Begin PBXNativeTarget section */
		02BFA6BF196F4042003130F7 /* testingStoryboard */ = {
			isa = PBXNativeTarget;
			buildConfigurationList = 02BFA6E0196F4043003130F7 /* Build configuration list for PBXNativeTarget "testingStoryboard" */;
			buildPhases = (
				02BFA6BC196F4042003130F7 /* Sources */,
				02BFA6BD196F4042003130F7 /* Frameworks */,
				02BFA6BE196F4042003130F7 /* Resources */,
			);
			buildRules = (
			);
			dependencies = (
			);
			name = testingStoryboard;
			productName = testingStoryboard;
			productReference = 02BFA6C0196F4042003130F7 /* testingStoryboard.app */;
			productType = "com.apple.product-type.application";
		};
		02BFA6D5196F4043003130F7 /* testingStoryboardTests */ = {
			isa = PBXNativeTarget;
			buildConfigurationList = 02BFA6E3196F4043003130F7 /* Build configuration list for PBXNativeTarget "testingStoryboardTests" */;
			buildPhases = (
				02BFA6D2196F4043003130F7 /* Sources */,
				02BFA6D3196F4043003130F7 /* Frameworks */,
				02BFA6D4196F4043003130F7 /* Resources */,
			);
			buildRules = (
			);
			dependencies = (
				02BFA6D8196F4043003130F7 /* PBXTargetDependency */,
			);
			name = testingStoryboardTests;
			productName = testingStoryboardTests;
			productReference = 02BFA6D6196F4043003130F7 /* testingStoryboardTests.xctest */;
			productType = "com.apple.product-type.bundle.unit-test";
		};
/* End PBXNativeTarget section */

/* Begin PBXProject section */
		02BFA6B8196F4042003130F7 /* Project object */ = {
			isa = PBXProject;
			attributes = {
				LastUpgradeCheck = 0600;
				ORGANIZATIONNAME = "Ole Hondrelis";
				TargetAttributes = {
					02BFA6BF196F4042003130F7 = {
						CreatedOnToolsVersion = 6.0;
						DevelopmentTeam = 7GSZKVMR8U;
					};
					02BFA6D5196F4043003130F7 = {
						CreatedOnToolsVersion = 6.0;
						TestTargetID = 02BFA6BF196F4042003130F7;
					};
				};
			};
			buildConfigurationList = 02BFA6BB196F4042003130F7 /* Build configuration list for PBXProject "testingStoryboard" */;
			compatibilityVersion = "Xcode 3.2";
			developmentRegion = English;
			hasScannedForEncodings = 0;
			knownRegions = (
				en,
				Base,
			);
			mainGroup = 02BFA6B7196F4042003130F7;
			productRefGroup = 02BFA6C1196F4042003130F7 /* Products */;
			projectDirPath = "";
			projectRoot = "";
			targets = (
				02BFA6BF196F4042003130F7 /* testingStoryboard */,
				02BFA6D5196F4043003130F7 /* testingStoryboardTests */,
			);
		};
/* End PBXProject section */

/* Begin PBXResourcesBuildPhase section */
		02BFA6BE196F4042003130F7 /* Resources */ = {
			isa = PBXResourcesBuildPhase;
			buildActionMask = 2147483647;
			files = (
				02F5AF80196FF1340041D2E1 /* Gradient-background-3.png in Resources */,
				02BFA6CF196F4042003130F7 /* Main.storyboard in Resources */,
				02F5AF7B196FEF990041D2E1 /* Gradient-background-1.png in Resources */,
				02F5AF7F196FF1340041D2E1 /* Gradient-background-2.png in Resources */,
				02F5AF81196FF1340041D2E1 /* Gradient-background-4.png in Resources */,
				02BFA6D1196F4042003130F7 /* Images.xcassets in Resources */,
			);
			runOnlyForDeploymentPostprocessing = 0;
		};
		02BFA6D4196F4043003130F7 /* Resources */ = {
			isa = PBXResourcesBuildPhase;
			buildActionMask = 2147483647;
			files = (
			);
			runOnlyForDeploymentPostprocessing = 0;
		};
/* End PBXResourcesBuildPhase section */

/* Begin PBXSourcesBuildPhase section */
		02BFA6BC196F4042003130F7 /* Sources */ = {
			isa = PBXSourcesBuildPhase;
			buildActionMask = 2147483647;
			files = (
				02BFA6CC196F4042003130F7 /* ViewController.m in Sources */,
				02BFA6C9196F4042003130F7 /* AppDelegate.m in Sources */,
				02BFA6C6196F4042003130F7 /* main.m in Sources */,
			);
			runOnlyForDeploymentPostprocessing = 0;
		};
		02BFA6D2196F4043003130F7 /* Sources */ = {
			isa = PBXSourcesBuildPhase;
			buildActionMask = 2147483647;
			files = (
				02BFA6DD196F4043003130F7 /* testingStoryboardTests.m in Sources */,
			);
			runOnlyForDeploymentPostprocessing = 0;
		};
/* End PBXSourcesBuildPhase section */

/* Begin PBXTargetDependency section */
		02BFA6D8196F4043003130F7 /* PBXTargetDependency */ = {
			isa = PBXTargetDependency;
			target = 02BFA6BF196F4042003130F7 /* testingStoryboard */;
			targetProxy = 02BFA6D7196F4043003130F7 /* PBXContainerItemProxy */;
		};
/* End PBXTargetDependency section */

/* Begin PBXVariantGroup section */
		02BFA6CD196F4042003130F7 /* Main.storyboard */ = {
			isa = PBXVariantGroup;
			children = (
				02BFA6CE196F4042003130F7 /* Base */,
			);
			name = Main.storyboard;
			sourceTree = "<group>";
		};
/* End PBXVariantGroup section */

/* Begin XCBuildConfiguration section */
		02BFA6DE196F4043003130F7 /* Debug */ = {
			isa = XCBuildConfiguration;
			buildSettings = {
				ALWAYS_SEARCH_USER_PATHS = NO;
				CLANG_CXX_LANGUAGE_STANDARD = "gnu++0x";
				CLANG_CXX_LIBRARY = "libc++";
				CLANG_ENABLE_MODULES = YES;
				CLANG_ENABLE_OBJC_ARC = YES;
				CLANG_WARN_BOOL_CONVERSION = YES;
				CLANG_WARN_CONSTANT_CONVERSION = YES;
				CLANG_WARN_DIRECT_OBJC_ISA_USAGE = YES_ERROR;
				CLANG_WARN_EMPTY_BODY = YES;
				CLANG_WARN_ENUM_CONVERSION = YES;
				CLANG_WARN_INT_CONVERSION = YES;
				CLANG_WARN_OBJC_ROOT_CLASS = YES_ERROR;
				CLANG_WARN_UNREACHABLE_CODE = YES;
				CLANG_WARN__DUPLICATE_METHOD_MATCH = YES;
				"CODE_SIGN_IDENTITY[sdk=iphoneos*]" = "iPhone Developer";
				COPY_PHASE_STRIP = NO;
				ENABLE_STRICT_OBJC_MSGSEND = YES;
				GCC_C_LANGUAGE_STANDARD = gnu99;
				GCC_DYNAMIC_NO_PIC = NO;
				GCC_OPTIMIZATION_LEVEL = 0;
				GCC_PREPROCESSOR_DEFINITIONS = (
					"DEBUG=1",
					"$(inherited)",
				);
				GCC_SYMBOLS_PRIVATE_EXTERN = NO;
				GCC_WARN_64_TO_32_BIT_CONVERSION = YES;
				GCC_WARN_ABOUT_RETURN_TYPE = YES_ERROR;
				GCC_WARN_UNDECLARED_SELECTOR = YES;
				GCC_WARN_UNINITIALIZED_AUTOS = YES_AGGRESSIVE;
				GCC_WARN_UNUSED_FUNCTION = YES;
				GCC_WARN_UNUSED_VARIABLE = YES;
				IPHONEOS_DEPLOYMENT_TARGET = 8.0;
				MTL_ENABLE_DEBUG_INFO = YES;
				ONLY_ACTIVE_ARCH = YES;
				SDKROOT = iphoneos;
				TARGETED_DEVICE_FAMILY = "1,2";
			};
			name = Debug;
		};
		02BFA6DF196F4043003130F7 /* Release */ = {
			isa = XCBuildConfiguration;
			buildSettings = {
				ALWAYS_SEARCH_USER_PATHS = NO;
				CLANG_CXX_LANGUAGE_STANDARD = "gnu++0x";
				CLANG_CXX_LIBRARY = "libc++";
				CLANG_ENABLE_MODULES = YES;
				CLANG_ENABLE_OBJC_ARC = YES;
				CLANG_WARN_BOOL_CONVERSION = YES;
				CLANG_WARN_CONSTANT_CONVERSION = YES;
				CLANG_WARN_DIRECT_OBJC_ISA_USAGE = YES_ERROR;
				CLANG_WARN_EMPTY_BODY = YES;
				CLANG_WARN_ENUM_CONVERSION = YES;
				CLANG_WARN_INT_CONVERSION = YES;
				CLANG_WARN_OBJC_ROOT_CLASS = YES_ERROR;
				CLANG_WARN_UNREACHABLE_CODE = YES;
				CLANG_WARN__DUPLICATE_METHOD_MATCH = YES;
				"CODE_SIGN_IDENTITY[sdk=iphoneos*]" = "iPhone Developer";
				COPY_PHASE_STRIP = YES;
				ENABLE_NS_ASSERTIONS = NO;
				ENABLE_STRICT_OBJC_MSGSEND = YES;
				GCC_C_LANGUAGE_STANDARD = gnu99;
				GCC_WARN_64_TO_32_BIT_CONVERSION = YES;
				GCC_WARN_ABOUT_RETURN_TYPE = YES_ERROR;
				GCC_WARN_UNDECLARED_SELECTOR = YES;
				GCC_WARN_UNINITIALIZED_AUTOS = YES_AGGRESSIVE;
				GCC_WARN_UNUSED_FUNCTION = YES;
				GCC_WARN_UNUSED_VARIABLE = YES;
				IPHONEOS_DEPLOYMENT_TARGET = 8.0;
				MTL_ENABLE_DEBUG_INFO = NO;
				SDKROOT = iphoneos;
				TARGETED_DEVICE_FAMILY = "1,2";
				VALIDATE_PRODUCT = YES;
			};
			name = Release;
		};
		02BFA6E1196F4043003130F7 /* Debug */ = {
			isa = XCBuildConfiguration;
			buildSettings = {
				ASSETCATALOG_COMPILER_APPICON_NAME = AppIcon;
				ASSETCATALOG_COMPILER_LAUNCHIMAGE_NAME = LaunchImage;
				CODE_SIGN_IDENTITY = "iPhone Developer";
				INFOPLIST_FILE = testingStoryboard/Info.plist;
				IPHONEOS_DEPLOYMENT_TARGET = 8.0;
				LD_RUNPATH_SEARCH_PATHS = "$(inherited) @executable_path/Frameworks";
				PRODUCT_NAME = "$(TARGET_NAME)";
			};
			name = Debug;
		};
		02BFA6E2196F4043003130F7 /* Release */ = {
			isa = XCBuildConfiguration;
			buildSettings = {
				ASSETCATALOG_COMPILER_APPICON_NAME = AppIcon;
				ASSETCATALOG_COMPILER_LAUNCHIMAGE_NAME = LaunchImage;
				CODE_SIGN_IDENTITY = "iPhone Developer";
				INFOPLIST_FILE = testingStoryboard/Info.plist;
				IPHONEOS_DEPLOYMENT_TARGET = 8.0;
				LD_RUNPATH_SEARCH_PATHS = "$(inherited) @executable_path/Frameworks";
				PRODUCT_NAME = "$(TARGET_NAME)";
			};
			name = Release;
		};
		02BFA6E4196F4043003130F7 /* Debug */ = {
			isa = XCBuildConfiguration;
			buildSettings = {
				BUNDLE_LOADER = "$(BUILT_PRODUCTS_DIR)/testingStoryboard.app/testingStoryboard";
				FRAMEWORK_SEARCH_PATHS = (
					"$(SDKROOT)/Developer/Library/Frameworks",
					"$(inherited)",
				);
				GCC_PREPROCESSOR_DEFINITIONS = (
					"DEBUG=1",
					"$(inherited)",
				);
				INFOPLIST_FILE = testingStoryboardTests/Info.plist;
				LD_RUNPATH_SEARCH_PATHS = "$(inherited) @executable_path/Frameworks @loader_path/Frameworks";
				PRODUCT_NAME = "$(TARGET_NAME)";
				TEST_HOST = "$(BUNDLE_LOADER)";
			};
			name = Debug;
		};
		02BFA6E5196F4043003130F7 /* Release */ = {
			isa = XCBuildConfiguration;
			buildSettings = {
				BUNDLE_LOADER = "$(BUILT_PRODUCTS_DIR)/testingStoryboard.app/testingStoryboard";
				FRAMEWORK_SEARCH_PATHS = (
					"$(SDKROOT)/Developer/Library/Frameworks",
					"$(inherited)",
				);
				INFOPLIST_FILE = testingStoryboardTests/Info.plist;
				LD_RUNPATH_SEARCH_PATHS = "$(inherited) @executable_path/Frameworks @loader_path/Frameworks";
				PRODUCT_NAME = "$(TARGET_NAME)";
				TEST_HOST = "$(BUNDLE_LOADER)";
			};
			name = Release;
		};
/* End XCBuildConfiguration section */

/* Begin XCConfigurationList section */
		02BFA6BB196F4042003130F7 /* Build configuration list for PBXProject "testingStoryboard" */ = {
			isa = XCConfigurationList;
			buildConfigurations = (
				02BFA6DE196F4043003130F7 /* Debug */,
				02BFA6DF196F4043003130F7 /* Release */,
			);
			defaultConfigurationIsVisible = 0;
			defaultConfigurationName = Release;
		};
		02BFA6E0196F4043003130F7 /* Build configuration list for PBXNativeTarget "testingStoryboard" */ = {
			isa = XCConfigurationList;
			buildConfigurations = (
				02BFA6E1196F4043003130F7 /* Debug */,
				02BFA6E2196F4043003130F7 /* Release */,
			);
			defaultConfigurationIsVisible = 0;
			defaultConfigurationName = Release;
		};
		02BFA6E3196F4043003130F7 /* Build configuration list for PBXNativeTarget "testingStoryboardTests" */ = {
			isa = XCConfigurationList;
			buildConfigurations = (
				02BFA6E4196F4043003130F7 /* Debug */,
				02BFA6E5196F4043003130F7 /* Release */,
			);
			defaultConfigurationIsVisible = 0;
			defaultConfigurationName = Release;
		};
/* End XCConfigurationList section */
	};
	rootObject = 02BFA6B8196F4042003130F7 /* Project object */;
}
