// !$*UTF8*$!
{
	archiveVersion = 1;
	classes = {
	};
	objectVersion = 46;
	objects = {

/* Begin PBXBuildFile section */
		5B08FB9018C0B0A700E1159E /* Rektangel-1.png in Resources */ = {isa = PBXBuildFile; fileRef = 5B08FB8F18C0B0A700E1159E /* Rektangel-1.png */; };
		5BA3AF001926C39600344E17 /* SystemConfiguration.framework in Frameworks */ = {isa = PBXBuildFile; fileRef = 5BA3AEFF1926C39600344E17 /* SystemConfiguration.framework */; };
		5BA3AF041926C3A700344E17 /* MessageUI.framework in Frameworks */ = {isa = PBXBuildFile; fileRef = 5BA3AF031926C3A700344E17 /* MessageUI.framework */; };
		5BA3AF061926C3B100344E17 /* CoreTelephony.framework in Frameworks */ = {isa = PBXBuildFile; fileRef = 5BA3AF051926C3B100344E17 /* CoreTelephony.framework */; };
		5BA3AF081926C3C000344E17 /* AVFoundation.framework in Frameworks */ = {isa = PBXBuildFile; fileRef = 5BA3AF071926C3C000344E17 /* AVFoundation.framework */; };
		5BA3AF0A1926C3C600344E17 /* AdSupport.framework in Frameworks */ = {isa = PBXBuildFile; fileRef = 5BA3AF091926C3C600344E17 /* AdSupport.framework */; };
		5BA3AF0C1926C3CE00344E17 /* AudioToolbox.framework in Frameworks */ = {isa = PBXBuildFile; fileRef = 5BA3AF0B1926C3CE00344E17 /* AudioToolbox.framework */; };
		5BDB26B018C223D600F43968 /* Unselected.png in Resources */ = {isa = PBXBuildFile; fileRef = 5BDB26AF18C223D600F43968 /* Unselected.png */; };
		5BDB26B318C2319200F43968 /* back-50.png in Resources */ = {isa = PBXBuildFile; fileRef = 5BDB26B118C2319200F43968 /* back-50.png */; };
		5BDB26B418C2319200F43968 /* back-75.png in Resources */ = {isa = PBXBuildFile; fileRef = 5BDB26B218C2319200F43968 /* back-75.png */; };
		5BDB26B718C231CA00F43968 /* forward-50.png in Resources */ = {isa = PBXBuildFile; fileRef = 5BDB26B518C231CA00F43968 /* forward-50.png */; };
		5BDB26B818C231CA00F43968 /* forward-75.png in Resources */ = {isa = PBXBuildFile; fileRef = 5BDB26B618C231CA00F43968 /* forward-75.png */; };
		5BDB26BA18C232F100F43968 /* forward-128.png in Resources */ = {isa = PBXBuildFile; fileRef = 5BDB26B918C232F100F43968 /* forward-128.png */; };
		5BEBC8A718B906240064FE27 /* Foundation.framework in Frameworks */ = {isa = PBXBuildFile; fileRef = 5BEBC8A618B906230064FE27 /* Foundation.framework */; };
		5BEBC8A918B906240064FE27 /* CoreGraphics.framework in Frameworks */ = {isa = PBXBuildFile; fileRef = 5BEBC8A818B906240064FE27 /* CoreGraphics.framework */; };
		5BEBC8AB18B906240064FE27 /* UIKit.framework in Frameworks */ = {isa = PBXBuildFile; fileRef = 5BEBC8AA18B906240064FE27 /* UIKit.framework */; };
		5BEBC8B118B906240064FE27 /* InfoPlist.strings in Resources */ = {isa = PBXBuildFile; fileRef = 5BEBC8AF18B906240064FE27 /* InfoPlist.strings */; };
		5BEBC8B318B906240064FE27 /* main.m in Sources */ = {isa = PBXBuildFile; fileRef = 5BEBC8B218B906240064FE27 /* main.m */; };
		5BEBC8B718B906240064FE27 /* AppDelegate.m in Sources */ = {isa = PBXBuildFile; fileRef = 5BEBC8B618B906240064FE27 /* AppDelegate.m */; };
		5BEBC8BA18B906240064FE27 /* Main_iPhone.storyboard in Resources */ = {isa = PBXBuildFile; fileRef = 5BEBC8B818B906240064FE27 /* Main_iPhone.storyboard */; };
		5BEBC8BD18B906240064FE27 /* Main_iPad.storyboard in Resources */ = {isa = PBXBuildFile; fileRef = 5BEBC8BB18B906240064FE27 /* Main_iPad.storyboard */; };
		5BEBC8C018B906240064FE27 /* ViewController.m in Sources */ = {isa = PBXBuildFile; fileRef = 5BEBC8BF18B906240064FE27 /* ViewController.m */; };
		5BEBC8C218B906240064FE27 /* Images.xcassets in Resources */ = {isa = PBXBuildFile; fileRef = 5BEBC8C118B906240064FE27 /* Images.xcassets */; };
		5BEBC8CA18B906240064FE27 /* Foundation.framework in Frameworks */ = {isa = PBXBuildFile; fileRef = 5BEBC8A618B906230064FE27 /* Foundation.framework */; };
		5BEBC8CB18B906240064FE27 /* UIKit.framework in Frameworks */ = {isa = PBXBuildFile; fileRef = 5BEBC8AA18B906240064FE27 /* UIKit.framework */; };
		5BEBC8D318B906240064FE27 /* InfoPlist.strings in Resources */ = {isa = PBXBuildFile; fileRef = 5BEBC8D118B906240064FE27 /* InfoPlist.strings */; };
		5BEBC8D518B906240064FE27 /* Sweet_WordsTests.m in Sources */ = {isa = PBXBuildFile; fileRef = 5BEBC8D418B906240064FE27 /* Sweet_WordsTests.m */; };
/* End PBXBuildFile section */

/* Begin PBXContainerItemProxy section */
		5BEBC8CC18B906240064FE27 /* PBXContainerItemProxy */ = {
			isa = PBXContainerItemProxy;
			containerPortal = 5BEBC89B18B906230064FE27 /* Project object */;
			proxyType = 1;
			remoteGlobalIDString = 5BEBC8A218B906230064FE27;
			remoteInfo = "Sweet Words";
		};
/* End PBXContainerItemProxy section */

/* Begin PBXFileReference section */
		5B08FB8F18C0B0A700E1159E /* Rektangel-1.png */ = {isa = PBXFileReference; lastKnownFileType = image.png; path = "Rektangel-1.png"; sourceTree = "<group>"; };
		5BA3AEFF1926C39600344E17 /* SystemConfiguration.framework */ = {isa = PBXFileReference; lastKnownFileType = wrapper.framework; name = SystemConfiguration.framework; path = System/Library/Frameworks/SystemConfiguration.framework; sourceTree = SDKROOT; };
		5BA3AF031926C3A700344E17 /* MessageUI.framework */ = {isa = PBXFileReference; lastKnownFileType = wrapper.framework; name = MessageUI.framework; path = System/Library/Frameworks/MessageUI.framework; sourceTree = SDKROOT; };
		5BA3AF051926C3B100344E17 /* CoreTelephony.framework */ = {isa = PBXFileReference; lastKnownFileType = wrapper.framework; name = CoreTelephony.framework; path = System/Library/Frameworks/CoreTelephony.framework; sourceTree = SDKROOT; };
		5BA3AF071926C3C000344E17 /* AVFoundation.framework */ = {isa = PBXFileReference; lastKnownFileType = wrapper.framework; name = AVFoundation.framework; path = System/Library/Frameworks/AVFoundation.framework; sourceTree = SDKROOT; };
		5BA3AF091926C3C600344E17 /* AdSupport.framework */ = {isa = PBXFileReference; lastKnownFileType = wrapper.framework; name = AdSupport.framework; path = System/Library/Frameworks/AdSupport.framework; sourceTree = SDKROOT; };
		5BA3AF0B1926C3CE00344E17 /* AudioToolbox.framework */ = {isa = PBXFileReference; lastKnownFileType = wrapper.framework; name = AudioToolbox.framework; path = System/Library/Frameworks/AudioToolbox.framework; sourceTree = SDKROOT; };
		5BDB26AF18C223D600F43968 /* Unselected.png */ = {isa = PBXFileReference; lastKnownFileType = image.png; path = Unselected.png; sourceTree = "<group>"; };
		5BDB26B118C2319200F43968 /* back-50.png */ = {isa = PBXFileReference; lastKnownFileType = image.png; path = "back-50.png"; sourceTree = "<group>"; };
		5BDB26B218C2319200F43968 /* back-75.png */ = {isa = PBXFileReference; lastKnownFileType = image.png; path = "back-75.png"; sourceTree = "<group>"; };
		5BDB26B518C231CA00F43968 /* forward-50.png */ = {isa = PBXFileReference; lastKnownFileType = image.png; path = "forward-50.png"; sourceTree = "<group>"; };
		5BDB26B618C231CA00F43968 /* forward-75.png */ = {isa = PBXFileReference; lastKnownFileType = image.png; path = "forward-75.png"; sourceTree = "<group>"; };
		5BDB26B918C232F100F43968 /* forward-128.png */ = {isa = PBXFileReference; lastKnownFileType = image.png; path = "forward-128.png"; sourceTree = "<group>"; };
		5BEBC8A318B906230064FE27 /* Placeholder.app */ = {isa = PBXFileReference; explicitFileType = wrapper.application; includeInIndex = 0; path = Placeholder.app; sourceTree = BUILT_PRODUCTS_DIR; };
		5BEBC8A618B906230064FE27 /* Foundation.framework */ = {isa = PBXFileReference; lastKnownFileType = wrapper.framework; name = Foundation.framework; path = System/Library/Frameworks/Foundation.framework; sourceTree = SDKROOT; };
		5BEBC8A818B906240064FE27 /* CoreGraphics.framework */ = {isa = PBXFileReference; lastKnownFileType = wrapper.framework; name = CoreGraphics.framework; path = System/Library/Frameworks/CoreGraphics.framework; sourceTree = SDKROOT; };
		5BEBC8AA18B906240064FE27 /* UIKit.framework */ = {isa = PBXFileReference; lastKnownFileType = wrapper.framework; name = UIKit.framework; path = System/Library/Frameworks/UIKit.framework; sourceTree = SDKROOT; };
		5BEBC8AE18B906240064FE27 /* Sweet Words-Info.plist */ = {isa = PBXFileReference; lastKnownFileType = text.plist.xml; path = "Sweet Words-Info.plist"; sourceTree = "<group>"; };
		5BEBC8B018B906240064FE27 /* en */ = {isa = PBXFileReference; lastKnownFileType = text.plist.strings; name = en; path = en.lproj/InfoPlist.strings; sourceTree = "<group>"; };
		5BEBC8B218B906240064FE27 /* main.m */ = {isa = PBXFileReference; lastKnownFileType = sourcecode.c.objc; path = main.m; sourceTree = "<group>"; };
		5BEBC8B418B906240064FE27 /* Sweet Words-Prefix.pch */ = {isa = PBXFileReference; lastKnownFileType = sourcecode.c.h; path = "Sweet Words-Prefix.pch"; sourceTree = "<group>"; };
		5BEBC8B518B906240064FE27 /* AppDelegate.h */ = {isa = PBXFileReference; lastKnownFileType = sourcecode.c.h; path = AppDelegate.h; sourceTree = "<group>"; };
		5BEBC8B618B906240064FE27 /* AppDelegate.m */ = {isa = PBXFileReference; lastKnownFileType = sourcecode.c.objc; path = AppDelegate.m; sourceTree = "<group>"; };
		5BEBC8B918B906240064FE27 /* Base */ = {isa = PBXFileReference; lastKnownFileType = file.storyboard; name = Base; path = Base.lproj/Main_iPhone.storyboard; sourceTree = "<group>"; };
		5BEBC8BC18B906240064FE27 /* Base */ = {isa = PBXFileReference; lastKnownFileType = file.storyboard; name = Base; path = Base.lproj/Main_iPad.storyboard; sourceTree = "<group>"; };
		5BEBC8BE18B906240064FE27 /* ViewController.h */ = {isa = PBXFileReference; lastKnownFileType = sourcecode.c.h; path = ViewController.h; sourceTree = "<group>"; };
		5BEBC8BF18B906240064FE27 /* ViewController.m */ = {isa = PBXFileReference; lastKnownFileType = sourcecode.c.objc; path = ViewController.m; sourceTree = "<group>"; };
		5BEBC8C118B906240064FE27 /* Images.xcassets */ = {isa = PBXFileReference; lastKnownFileType = folder.assetcatalog; path = Images.xcassets; sourceTree = "<group>"; };
		5BEBC8C718B906240064FE27 /* Sweet WordsTests.xctest */ = {isa = PBXFileReference; explicitFileType = wrapper.cfbundle; includeInIndex = 0; path = "Sweet WordsTests.xctest"; sourceTree = BUILT_PRODUCTS_DIR; };
		5BEBC8D018B906240064FE27 /* Sweet WordsTests-Info.plist */ = {isa = PBXFileReference; lastKnownFileType = text.plist.xml; path = "Sweet WordsTests-Info.plist"; sourceTree = "<group>"; };
		5BEBC8D218B906240064FE27 /* en */ = {isa = PBXFileReference; lastKnownFileType = text.plist.strings; name = en; path = en.lproj/InfoPlist.strings; sourceTree = "<group>"; };
		5BEBC8D418B906240064FE27 /* Sweet_WordsTests.m */ = {isa = PBXFileReference; lastKnownFileType = sourcecode.c.objc; path = Sweet_WordsTests.m; sourceTree = "<group>"; };
/* End PBXFileReference section */

/* Begin PBXFrameworksBuildPhase section */
		5BEBC8A018B906230064FE27 /* Frameworks */ = {
			isa = PBXFrameworksBuildPhase;
			buildActionMask = 2147483647;
			files = (
				5BA3AF0C1926C3CE00344E17 /* AudioToolbox.framework in Frameworks */,
				5BA3AF0A1926C3C600344E17 /* AdSupport.framework in Frameworks */,
				5BA3AF081926C3C000344E17 /* AVFoundation.framework in Frameworks */,
				5BA3AF061926C3B100344E17 /* CoreTelephony.framework in Frameworks */,
				5BA3AF041926C3A700344E17 /* MessageUI.framework in Frameworks */,
				5BA3AF001926C39600344E17 /* SystemConfiguration.framework in Frameworks */,
				5BEBC8A918B906240064FE27 /* CoreGraphics.framework in Frameworks */,
				5BEBC8AB18B906240064FE27 /* UIKit.framework in Frameworks */,
				5BEBC8A718B906240064FE27 /* Foundation.framework in Frameworks */,
			);
			runOnlyForDeploymentPostprocessing = 0;
		};
		5BEBC8C418B906240064FE27 /* Frameworks */ = {
			isa = PBXFrameworksBuildPhase;
			buildActionMask = 2147483647;
			files = (
				5BEBC8CB18B906240064FE27 /* UIKit.framework in Frameworks */,
				5BEBC8CA18B906240064FE27 /* Foundation.framework in Frameworks */,
			);
			runOnlyForDeploymentPostprocessing = 0;
		};
/* End PBXFrameworksBuildPhase section */

/* Begin PBXGroup section */
		5BEBC89A18B906230064FE27 = {
			isa = PBXGroup;
			children = (
				5BEBC8AC18B906240064FE27 /* Sweet Words */,
				5BEBC8CE18B906240064FE27 /* Sweet WordsTests */,
				5BEBC8A518B906230064FE27 /* Frameworks */,
				5BEBC8A418B906230064FE27 /* Products */,
			);
			sourceTree = "<group>";
		};
		5BEBC8A418B906230064FE27 /* Products */ = {
			isa = PBXGroup;
			children = (
				5BEBC8A318B906230064FE27 /* Placeholder.app */,
				5BEBC8C718B906240064FE27 /* Sweet WordsTests.xctest */,
			);
			name = Products;
			sourceTree = "<group>";
		};
		5BEBC8A518B906230064FE27 /* Frameworks */ = {
			isa = PBXGroup;
			children = (
				5BA3AF0B1926C3CE00344E17 /* AudioToolbox.framework */,
				5BA3AF091926C3C600344E17 /* AdSupport.framework */,
				5BA3AF071926C3C000344E17 /* AVFoundation.framework */,
				5BA3AF051926C3B100344E17 /* CoreTelephony.framework */,
				5BA3AF031926C3A700344E17 /* MessageUI.framework */,
				5BA3AEFF1926C39600344E17 /* SystemConfiguration.framework */,
				5BEBC8A618B906230064FE27 /* Foundation.framework */,
				5BEBC8A818B906240064FE27 /* CoreGraphics.framework */,
				5BEBC8AA18B906240064FE27 /* UIKit.framework */,
			);
			name = Frameworks;
			sourceTree = "<group>";
		};
		5BEBC8AC18B906240064FE27 /* Sweet Words */ = {
			isa = PBXGroup;
			children = (
				5BEBC8B518B906240064FE27 /* AppDelegate.h */,
				5BEBC8B618B906240064FE27 /* AppDelegate.m */,
				5BEBC8B818B906240064FE27 /* Main_iPhone.storyboard */,
				5BEBC8BB18B906240064FE27 /* Main_iPad.storyboard */,
				5BEBC8BE18B906240064FE27 /* ViewController.h */,
				5BEBC8BF18B906240064FE27 /* ViewController.m */,
				5BEBC8C118B906240064FE27 /* Images.xcassets */,
				5BEBC8AD18B906240064FE27 /* Supporting Files */,
			);
			path = "Sweet Words";
			sourceTree = "<group>";
		};
		5BEBC8AD18B906240064FE27 /* Supporting Files */ = {
			isa = PBXGroup;
			children = (
				5BDB26B918C232F100F43968 /* forward-128.png */,
				5BDB26B518C231CA00F43968 /* forward-50.png */,
				5BDB26B618C231CA00F43968 /* forward-75.png */,
				5BDB26B118C2319200F43968 /* back-50.png */,
				5BDB26B218C2319200F43968 /* back-75.png */,
				5BDB26AF18C223D600F43968 /* Unselected.png */,
				5B08FB8F18C0B0A700E1159E /* Rektangel-1.png */,
				5BEBC8E018B921A50064FE27 /* Tab Bar Icons */,
				5BEBC8AE18B906240064FE27 /* Sweet Words-Info.plist */,
				5BEBC8AF18B906240064FE27 /* InfoPlist.strings */,
				5BEBC8B218B906240064FE27 /* main.m */,
				5BEBC8B418B906240064FE27 /* Sweet Words-Prefix.pch */,
			);
			name = "Supporting Files";
			sourceTree = "<group>";
		};
		5BEBC8CE18B906240064FE27 /* Sweet WordsTests */ = {
			isa = PBXGroup;
			children = (
				5BEBC8D418B906240064FE27 /* Sweet_WordsTests.m */,
				5BEBC8CF18B906240064FE27 /* Supporting Files */,
			);
			path = "Sweet WordsTests";
			sourceTree = "<group>";
		};
		5BEBC8CF18B906240064FE27 /* Supporting Files */ = {
			isa = PBXGroup;
			children = (
				5BEBC8D018B906240064FE27 /* Sweet WordsTests-Info.plist */,
				5BEBC8D118B906240064FE27 /* InfoPlist.strings */,
			);
			name = "Supporting Files";
			sourceTree = "<group>";
		};
		5BEBC8E018B921A50064FE27 /* Tab Bar Icons */ = {
			isa = PBXGroup;
			children = (
			);
			name = "Tab Bar Icons";
			sourceTree = "<group>";
		};
/* End PBXGroup section */

/* Begin PBXNativeTarget section */
		5BEBC8A218B906230064FE27 /* Sweet Words */ = {
			isa = PBXNativeTarget;
			buildConfigurationList = 5BEBC8D818B906240064FE27 /* Build configuration list for PBXNativeTarget "Sweet Words" */;
			buildPhases = (
				5BEBC89F18B906230064FE27 /* Sources */,
				5BEBC8A018B906230064FE27 /* Frameworks */,
				5BEBC8A118B906230064FE27 /* Resources */,
			);
			buildRules = (
			);
			dependencies = (
			);
			name = "Sweet Words";
			productName = "Sweet Words";
			productReference = 5BEBC8A318B906230064FE27 /* Placeholder.app */;
			productType = "com.apple.product-type.application";
		};
		5BEBC8C618B906240064FE27 /* Sweet WordsTests */ = {
			isa = PBXNativeTarget;
			buildConfigurationList = 5BEBC8DB18B906240064FE27 /* Build configuration list for PBXNativeTarget "Sweet WordsTests" */;
			buildPhases = (
				5BEBC8C318B906240064FE27 /* Sources */,
				5BEBC8C418B906240064FE27 /* Frameworks */,
				5BEBC8C518B906240064FE27 /* Resources */,
			);
			buildRules = (
			);
			dependencies = (
				5BEBC8CD18B906240064FE27 /* PBXTargetDependency */,
			);
			name = "Sweet WordsTests";
			productName = "Sweet WordsTests";
			productReference = 5BEBC8C718B906240064FE27 /* Sweet WordsTests.xctest */;
			productType = "com.apple.product-type.bundle.unit-test";
		};
/* End PBXNativeTarget section */

/* Begin PBXProject section */
		5BEBC89B18B906230064FE27 /* Project object */ = {
			isa = PBXProject;
			attributes = {
				LastUpgradeCheck = 0510;
				ORGANIZATIONNAME = "Hondrelis Software";
				TargetAttributes = {
					5BEBC8A218B906230064FE27 = {
						DevelopmentTeam = 7GSZKVMR8U;
						SystemCapabilities = {
							com.apple.InAppPurchase = {
								enabled = 0;
							};
						};
					};
					5BEBC8C618B906240064FE27 = {
						TestTargetID = 5BEBC8A218B906230064FE27;
					};
				};
			};
			buildConfigurationList = 5BEBC89E18B906230064FE27 /* Build configuration list for PBXProject "Sweet Words" */;
			compatibilityVersion = "Xcode 3.2";
			developmentRegion = English;
			hasScannedForEncodings = 0;
			knownRegions = (
				en,
				Base,
			);
			mainGroup = 5BEBC89A18B906230064FE27;
			productRefGroup = 5BEBC8A418B906230064FE27 /* Products */;
			projectDirPath = "";
			projectRoot = "";
			targets = (
				5BEBC8A218B906230064FE27 /* Sweet Words */,
				5BEBC8C618B906240064FE27 /* Sweet WordsTests */,
			);
		};
/* End PBXProject section */

/* Begin PBXResourcesBuildPhase section */
		5BEBC8A118B906230064FE27 /* Resources */ = {
			isa = PBXResourcesBuildPhase;
			buildActionMask = 2147483647;
			files = (
				5BDB26B718C231CA00F43968 /* forward-50.png in Resources */,
				5BDB26B818C231CA00F43968 /* forward-75.png in Resources */,
				5BEBC8BD18B906240064FE27 /* Main_iPad.storyboard in Resources */,
				5BEBC8C218B906240064FE27 /* Images.xcassets in Resources */,
				5BDB26B418C2319200F43968 /* back-75.png in Resources */,
				5BEBC8BA18B906240064FE27 /* Main_iPhone.storyboard in Resources */,
				5BDB26BA18C232F100F43968 /* forward-128.png in Resources */,
				5BDB26B318C2319200F43968 /* back-50.png in Resources */,
				5B08FB9018C0B0A700E1159E /* Rektangel-1.png in Resources */,
				5BDB26B018C223D600F43968 /* Unselected.png in Resources */,
				5BEBC8B118B906240064FE27 /* InfoPlist.strings in Resources */,
			);
			runOnlyForDeploymentPostprocessing = 0;
		};
		5BEBC8C518B906240064FE27 /* Resources */ = {
			isa = PBXResourcesBuildPhase;
			buildActionMask = 2147483647;
			files = (
				5BEBC8D318B906240064FE27 /* InfoPlist.strings in Resources */,
			);
			runOnlyForDeploymentPostprocessing = 0;
		};
/* End PBXResourcesBuildPhase section */

/* Begin PBXSourcesBuildPhase section */
		5BEBC89F18B906230064FE27 /* Sources */ = {
			isa = PBXSourcesBuildPhase;
			buildActionMask = 2147483647;
			files = (
				5BEBC8C018B906240064FE27 /* ViewController.m in Sources */,
				5BEBC8B718B906240064FE27 /* AppDelegate.m in Sources */,
				5BEBC8B318B906240064FE27 /* main.m in Sources */,
			);
			runOnlyForDeploymentPostprocessing = 0;
		};
		5BEBC8C318B906240064FE27 /* Sources */ = {
			isa = PBXSourcesBuildPhase;
			buildActionMask = 2147483647;
			files = (
				5BEBC8D518B906240064FE27 /* Sweet_WordsTests.m in Sources */,
			);
			runOnlyForDeploymentPostprocessing = 0;
		};
/* End PBXSourcesBuildPhase section */

/* Begin PBXTargetDependency section */
		5BEBC8CD18B906240064FE27 /* PBXTargetDependency */ = {
			isa = PBXTargetDependency;
			target = 5BEBC8A218B906230064FE27 /* Sweet Words */;
			targetProxy = 5BEBC8CC18B906240064FE27 /* PBXContainerItemProxy */;
		};
/* End PBXTargetDependency section */

/* Begin PBXVariantGroup section */
		5BEBC8AF18B906240064FE27 /* InfoPlist.strings */ = {
			isa = PBXVariantGroup;
			children = (
				5BEBC8B018B906240064FE27 /* en */,
			);
			name = InfoPlist.strings;
			sourceTree = "<group>";
		};
		5BEBC8B818B906240064FE27 /* Main_iPhone.storyboard */ = {
			isa = PBXVariantGroup;
			children = (
				5BEBC8B918B906240064FE27 /* Base */,
			);
			name = Main_iPhone.storyboard;
			sourceTree = "<group>";
		};
		5BEBC8BB18B906240064FE27 /* Main_iPad.storyboard */ = {
			isa = PBXVariantGroup;
			children = (
				5BEBC8BC18B906240064FE27 /* Base */,
			);
			name = Main_iPad.storyboard;
			sourceTree = "<group>";
		};
		5BEBC8D118B906240064FE27 /* InfoPlist.strings */ = {
			isa = PBXVariantGroup;
			children = (
				5BEBC8D218B906240064FE27 /* en */,
			);
			name = InfoPlist.strings;
			sourceTree = "<group>";
		};
/* End PBXVariantGroup section */

/* Begin XCBuildConfiguration section */
		5BEBC8D618B906240064FE27 /* Debug */ = {
			isa = XCBuildConfiguration;
			buildSettings = {
				ALWAYS_SEARCH_USER_PATHS = NO;
				CLANG_CXX_LANGUAGE_STANDARD = "gnu++0x";
				CLANG_CXX_LIBRARY = "libc++";
				CLANG_ENABLE_MODULES = YES;
				CLANG_ENABLE_OBJC_ARC = YES;
				CLANG_WARN_BOOL_CONVERSION = YES;
				CLANG_WARN_CONSTANT_CONVERSION = YES;
				CLANG_WARN_DIRECT_OBJC_ISA_USAGE = YES_ERROR;
				CLANG_WARN_EMPTY_BODY = YES;
				CLANG_WARN_ENUM_CONVERSION = YES;
				CLANG_WARN_INT_CONVERSION = YES;
				CLANG_WARN_OBJC_ROOT_CLASS = YES_ERROR;
				CLANG_WARN__DUPLICATE_METHOD_MATCH = YES;
				"CODE_SIGN_IDENTITY[sdk=iphoneos*]" = "iPhone Developer";
				COPY_PHASE_STRIP = NO;
				GCC_C_LANGUAGE_STANDARD = gnu99;
				GCC_DYNAMIC_NO_PIC = NO;
				GCC_OPTIMIZATION_LEVEL = 0;
				GCC_PREPROCESSOR_DEFINITIONS = (
					"DEBUG=1",
					"$(inherited)",
				);
				GCC_SYMBOLS_PRIVATE_EXTERN = NO;
				GCC_WARN_64_TO_32_BIT_CONVERSION = YES;
				GCC_WARN_ABOUT_RETURN_TYPE = YES_ERROR;
				GCC_WARN_UNDECLARED_SELECTOR = YES;
				GCC_WARN_UNINITIALIZED_AUTOS = YES;
				GCC_WARN_UNUSED_FUNCTION = YES;
				GCC_WARN_UNUSED_VARIABLE = YES;
				IPHONEOS_DEPLOYMENT_TARGET = 7.1;
				ONLY_ACTIVE_ARCH = YES;
				SDKROOT = iphoneos;
				TARGETED_DEVICE_FAMILY = "1,2";
			};
			name = Debug;
		};
		5BEBC8D718B906240064FE27 /* Release */ = {
			isa = XCBuildConfiguration;
			buildSettings = {
				ALWAYS_SEARCH_USER_PATHS = NO;
				CLANG_CXX_LANGUAGE_STANDARD = "gnu++0x";
				CLANG_CXX_LIBRARY = "libc++";
				CLANG_ENABLE_MODULES = YES;
				CLANG_ENABLE_OBJC_ARC = YES;
				CLANG_WARN_BOOL_CONVERSION = YES;
				CLANG_WARN_CONSTANT_CONVERSION = YES;
				CLANG_WARN_DIRECT_OBJC_ISA_USAGE = YES_ERROR;
				CLANG_WARN_EMPTY_BODY = YES;
				CLANG_WARN_ENUM_CONVERSION = YES;
				CLANG_WARN_INT_CONVERSION = YES;
				CLANG_WARN_OBJC_ROOT_CLASS = YES_ERROR;
				CLANG_WARN__DUPLICATE_METHOD_MATCH = YES;
				"CODE_SIGN_IDENTITY[sdk=iphoneos*]" = "iPhone Developer";
				COPY_PHASE_STRIP = YES;
				ENABLE_NS_ASSERTIONS = NO;
				GCC_C_LANGUAGE_STANDARD = gnu99;
				GCC_WARN_64_TO_32_BIT_CONVERSION = YES;
				GCC_WARN_ABOUT_RETURN_TYPE = YES_ERROR;
				GCC_WARN_UNDECLARED_SELECTOR = YES;
				GCC_WARN_UNINITIALIZED_AUTOS = YES;
				GCC_WARN_UNUSED_FUNCTION = YES;
				GCC_WARN_UNUSED_VARIABLE = YES;
				IPHONEOS_DEPLOYMENT_TARGET = 7.1;
				SDKROOT = iphoneos;
				TARGETED_DEVICE_FAMILY = "1,2";
				VALIDATE_PRODUCT = YES;
			};
			name = Release;
		};
		5BEBC8D918B906240064FE27 /* Debug */ = {
			isa = XCBuildConfiguration;
			buildSettings = {
				ASSETCATALOG_COMPILER_APPICON_NAME = AppIcon;
				ASSETCATALOG_COMPILER_LAUNCHIMAGE_NAME = LaunchImage;
				CODE_SIGN_IDENTITY = "iPhone Developer";
				GCC_PRECOMPILE_PREFIX_HEADER = YES;
				GCC_PREFIX_HEADER = "Sweet Words/Sweet Words-Prefix.pch";
				INFOPLIST_FILE = "Sweet Words/Sweet Words-Info.plist";
				IPHONEOS_DEPLOYMENT_TARGET = 7.1;
				LIBRARY_SEARCH_PATHS = (
					"$(inherited)",
					"$(PROJECT_DIR)/Sweet",
					Words,
				);
				PRODUCT_NAME = Placeholder;
				WRAPPER_EXTENSION = app;
			};
			name = Debug;
		};
		5BEBC8DA18B906240064FE27 /* Release */ = {
			isa = XCBuildConfiguration;
			buildSettings = {
				ASSETCATALOG_COMPILER_APPICON_NAME = AppIcon;
				ASSETCATALOG_COMPILER_LAUNCHIMAGE_NAME = LaunchImage;
				CODE_SIGN_IDENTITY = "iPhone Developer";
				GCC_PRECOMPILE_PREFIX_HEADER = YES;
				GCC_PREFIX_HEADER = "Sweet Words/Sweet Words-Prefix.pch";
				INFOPLIST_FILE = "Sweet Words/Sweet Words-Info.plist";
				IPHONEOS_DEPLOYMENT_TARGET = 7.1;
				LIBRARY_SEARCH_PATHS = (
					"$(inherited)",
					"$(PROJECT_DIR)/Sweet",
					Words,
				);
				PRODUCT_NAME = Placeholder;
				WRAPPER_EXTENSION = app;
			};
			name = Release;
		};
		5BEBC8DC18B906240064FE27 /* Debug */ = {
			isa = XCBuildConfiguration;
			buildSettings = {
				BUNDLE_LOADER = "$(BUILT_PRODUCTS_DIR)/Sweet Words.app/Sweet Words";
				FRAMEWORK_SEARCH_PATHS = (
					"$(SDKROOT)/Developer/Library/Frameworks",
					"$(inherited)",
					"$(DEVELOPER_FRAMEWORKS_DIR)",
				);
				GCC_PRECOMPILE_PREFIX_HEADER = YES;
				GCC_PREFIX_HEADER = "Sweet Words/Sweet Words-Prefix.pch";
				GCC_PREPROCESSOR_DEFINITIONS = (
					"DEBUG=1",
					"$(inherited)",
				);
				INFOPLIST_FILE = "Sweet WordsTests/Sweet WordsTests-Info.plist";
				PRODUCT_NAME = "$(TARGET_NAME)";
				TEST_HOST = "$(BUNDLE_LOADER)";
				WRAPPER_EXTENSION = xctest;
			};
			name = Debug;
		};
		5BEBC8DD18B906240064FE27 /* Release */ = {
			isa = XCBuildConfiguration;
			buildSettings = {
				BUNDLE_LOADER = "$(BUILT_PRODUCTS_DIR)/Sweet Words.app/Sweet Words";
				FRAMEWORK_SEARCH_PATHS = (
					"$(SDKROOT)/Developer/Library/Frameworks",
					"$(inherited)",
					"$(DEVELOPER_FRAMEWORKS_DIR)",
				);
				GCC_PRECOMPILE_PREFIX_HEADER = YES;
				GCC_PREFIX_HEADER = "Sweet Words/Sweet Words-Prefix.pch";
				INFOPLIST_FILE = "Sweet WordsTests/Sweet WordsTests-Info.plist";
				PRODUCT_NAME = "$(TARGET_NAME)";
				TEST_HOST = "$(BUNDLE_LOADER)";
				WRAPPER_EXTENSION = xctest;
			};
			name = Release;
		};
/* End XCBuildConfiguration section */

/* Begin XCConfigurationList section */
		5BEBC89E18B906230064FE27 /* Build configuration list for PBXProject "Sweet Words" */ = {
			isa = XCConfigurationList;
			buildConfigurations = (
				5BEBC8D618B906240064FE27 /* Debug */,
				5BEBC8D718B906240064FE27 /* Release */,
			);
			defaultConfigurationIsVisible = 0;
			defaultConfigurationName = Release;
		};
		5BEBC8D818B906240064FE27 /* Build configuration list for PBXNativeTarget "Sweet Words" */ = {
			isa = XCConfigurationList;
			buildConfigurations = (
				5BEBC8D918B906240064FE27 /* Debug */,
				5BEBC8DA18B906240064FE27 /* Release */,
			);
			defaultConfigurationIsVisible = 0;
			defaultConfigurationName = Release;
		};
		5BEBC8DB18B906240064FE27 /* Build configuration list for PBXNativeTarget "Sweet WordsTests" */ = {
			isa = XCConfigurationList;
			buildConfigurations = (
				5BEBC8DC18B906240064FE27 /* Debug */,
				5BEBC8DD18B906240064FE27 /* Release */,
			);
			defaultConfigurationIsVisible = 0;
			defaultConfigurationName = Release;
		};
/* End XCConfigurationList section */
	};
	rootObject = 5BEBC89B18B906230064FE27 /* Project object */;
}
